version = 1
revision = 3
requires-python = "==3.13.*"

[[package]]
name = "certifi"
version = "2025.11.12"
source = { registry = "https://pypi.org/simple" }
sdist = { url = "https://files.pythonhosted.org/packages/a2/8c/58f469717fa48465e4a50c014a0400602d3c437d7c0c468e17ada824da3a/certifi-2025.11.12.tar.gz", hash = "sha256:d8ab5478f2ecd78af242878415affce761ca6bc54a22a27e026d7c25357c3316", size = 160538, upload-time = "2025-11-12T02:54:51.517Z" }
wheels = [
    { url = "https://files.pythonhosted.org/packages/70/7d/9bc192684cea499815ff478dfcdc13835ddf401365057044fb721ec6bddb/certifi-2025.11.12-py3-none-any.whl", hash = "sha256:97de8790030bbd5c2d96b7ec782fc2f7820ef8dba6db909ccf95449f2d062d4b", size = 159438, upload-time = "2025-11-12T02:54:49.735Z" },
]

[[package]]
name = "chardet"
version = "5.2.0"
source = { registry = "https://pypi.org/simple" }
sdist = { url = "https://files.pythonhosted.org/packages/f3/0d/f7b6ab21ec75897ed80c17d79b15951a719226b9fababf1e40ea74d69079/chardet-5.2.0.tar.gz", hash = "sha256:1b3b6ff479a8c414bc3fa2c0852995695c4a026dcd6d0633b2dd092ca39c1cf7", size = 2069618, upload-time = "2023-08-01T19:23:02.662Z" }
wheels = [
    { url = "https://files.pythonhosted.org/packages/38/6f/f5fbc992a329ee4e0f288c1fe0e2ad9485ed064cac731ed2fe47dcc38cbf/chardet-5.2.0-py3-none-any.whl", hash = "sha256:e1cf59446890a00105fe7b7912492ea04b6e6f06d4b742b2c788469e34c82970", size = 199385, upload-time = "2023-08-01T19:23:00.661Z" },
]

[[package]]
name = "charset-normalizer"
version = "3.4.4"
source = { registry = "https://pypi.org/simple" }
sdist = { url = "https://files.pythonhosted.org/packages/13/69/33ddede1939fdd074bce5434295f38fae7136463422fe4fd3e0e89b98062/charset_normalizer-3.4.4.tar.gz", hash = "sha256:94537985111c35f28720e43603b8e7b43a6ecfb2ce1d3058bbe955b73404e21a", size = 129418, upload-time = "2025-10-14T04:42:32.879Z" }
wheels = [
    { url = "https://files.pythonhosted.org/packages/97/45/4b3a1239bbacd321068ea6e7ac28875b03ab8bc0aa0966452db17cd36714/charset_normalizer-3.4.4-cp313-cp313-macosx_10_13_universal2.whl", hash = "sha256:e1f185f86a6f3403aa2420e815904c67b2f9ebc443f045edd0de921108345794", size = 208091, upload-time = "2025-10-14T04:41:13.346Z" },
    { url = "https://files.pythonhosted.org/packages/7d/62/73a6d7450829655a35bb88a88fca7d736f9882a27eacdca2c6d505b57e2e/charset_normalizer-3.4.4-cp313-cp313-manylinux2014_aarch64.manylinux_2_17_aarch64.manylinux_2_28_aarch64.whl", hash = "sha256:6b39f987ae8ccdf0d2642338faf2abb1862340facc796048b604ef14919e55ed", size = 147936, upload-time = "2025-10-14T04:41:14.461Z" },
    { url = "https://files.pythonhosted.org/packages/89/c5/adb8c8b3d6625bef6d88b251bbb0d95f8205831b987631ab0c8bb5d937c2/charset_normalizer-3.4.4-cp313-cp313-manylinux2014_armv7l.manylinux_2_17_armv7l.manylinux_2_31_armv7l.whl", hash = "sha256:3162d5d8ce1bb98dd51af660f2121c55d0fa541b46dff7bb9b9f86ea1d87de72", size = 144180, upload-time = "2025-10-14T04:41:15.588Z" },
    { url = "https://files.pythonhosted.org/packages/91/ed/9706e4070682d1cc219050b6048bfd293ccf67b3d4f5a4f39207453d4b99/charset_normalizer-3.4.4-cp313-cp313-manylinux2014_ppc64le.manylinux_2_17_ppc64le.manylinux_2_28_ppc64le.whl", hash = "sha256:81d5eb2a312700f4ecaa977a8235b634ce853200e828fbadf3a9c50bab278328", size = 161346, upload-time = "2025-10-14T04:41:16.738Z" },
    { url = "https://files.pythonhosted.org/packages/d5/0d/031f0d95e4972901a2f6f09ef055751805ff541511dc1252ba3ca1f80cf5/charset_normalizer-3.4.4-cp313-cp313-manylinux2014_s390x.manylinux_2_17_s390x.manylinux_2_28_s390x.whl", hash = "sha256:5bd2293095d766545ec1a8f612559f6b40abc0eb18bb2f5d1171872d34036ede", size = 158874, upload-time = "2025-10-14T04:41:17.923Z" },
    { url = "https://files.pythonhosted.org/packages/f5/83/6ab5883f57c9c801ce5e5677242328aa45592be8a00644310a008d04f922/charset_normalizer-3.4.4-cp313-cp313-manylinux2014_x86_64.manylinux_2_17_x86_64.manylinux_2_28_x86_64.whl", hash = "sha256:a8a8b89589086a25749f471e6a900d3f662d1d3b6e2e59dcecf787b1cc3a1894", size = 153076, upload-time = "2025-10-14T04:41:19.106Z" },
    { url = "https://files.pythonhosted.org/packages/75/1e/5ff781ddf5260e387d6419959ee89ef13878229732732ee73cdae01800f2/charset_normalizer-3.4.4-cp313-cp313-manylinux_2_31_riscv64.manylinux_2_39_riscv64.whl", hash = "sha256:bc7637e2f80d8530ee4a78e878bce464f70087ce73cf7c1caf142416923b98f1", size = 150601, upload-time = "2025-10-14T04:41:20.245Z" },
    { url = "https://files.pythonhosted.org/packages/d7/57/71be810965493d3510a6ca79b90c19e48696fb1ff964da319334b12677f0/charset_normalizer-3.4.4-cp313-cp313-musllinux_1_2_aarch64.whl", hash = "sha256:f8bf04158c6b607d747e93949aa60618b61312fe647a6369f88ce2ff16043490", size = 150376, upload-time = "2025-10-14T04:41:21.398Z" },
    { url = "https://files.pythonhosted.org/packages/e5/d5/c3d057a78c181d007014feb7e9f2e65905a6c4ef182c0ddf0de2924edd65/charset_normalizer-3.4.4-cp313-cp313-musllinux_1_2_armv7l.whl", hash = "sha256:554af85e960429cf30784dd47447d5125aaa3b99a6f0683589dbd27e2f45da44", size = 144825, upload-time = "2025-10-14T04:41:22.583Z" },
    { url = "https://files.pythonhosted.org/packages/e6/8c/d0406294828d4976f275ffbe66f00266c4b3136b7506941d87c00cab5272/charset_normalizer-3.4.4-cp313-cp313-musllinux_1_2_ppc64le.whl", hash = "sha256:74018750915ee7ad843a774364e13a3db91682f26142baddf775342c3f5b1133", size = 162583, upload-time = "2025-10-14T04:41:23.754Z" },
    { url = "https://files.pythonhosted.org/packages/d7/24/e2aa1f18c8f15c4c0e932d9287b8609dd30ad56dbe41d926bd846e22fb8d/charset_normalizer-3.4.4-cp313-cp313-musllinux_1_2_riscv64.whl", hash = "sha256:c0463276121fdee9c49b98908b3a89c39be45d86d1dbaa22957e38f6321d4ce3", size = 150366, upload-time = "2025-10-14T04:41:25.27Z" },
    { url = "https://files.pythonhosted.org/packages/e4/5b/1e6160c7739aad1e2df054300cc618b06bf784a7a164b0f238360721ab86/charset_normalizer-3.4.4-cp313-cp313-musllinux_1_2_s390x.whl", hash = "sha256:362d61fd13843997c1c446760ef36f240cf81d3ebf74ac62652aebaf7838561e", size = 160300, upload-time = "2025-10-14T04:41:26.725Z" },
    { url = "https://files.pythonhosted.org/packages/7a/10/f882167cd207fbdd743e55534d5d9620e095089d176d55cb22d5322f2afd/charset_normalizer-3.4.4-cp313-cp313-musllinux_1_2_x86_64.whl", hash = "sha256:9a26f18905b8dd5d685d6d07b0cdf98a79f3c7a918906af7cc143ea2e164c8bc", size = 154465, upload-time = "2025-10-14T04:41:28.322Z" },
    { url = "https://files.pythonhosted.org/packages/89/66/c7a9e1b7429be72123441bfdbaf2bc13faab3f90b933f664db506dea5915/charset_normalizer-3.4.4-cp313-cp313-win32.whl", hash = "sha256:9b35f4c90079ff2e2edc5b26c0c77925e5d2d255c42c74fdb70fb49b172726ac", size = 99404, upload-time = "2025-10-14T04:41:29.95Z" },
    { url = "https://files.pythonhosted.org/packages/c4/26/b9924fa27db384bdcd97ab83b4f0a8058d96ad9626ead570674d5e737d90/charset_normalizer-3.4.4-cp313-cp313-win_amd64.whl", hash = "sha256:b435cba5f4f750aa6c0a0d92c541fb79f69a387c91e61f1795227e4ed9cece14", size = 107092, upload-time = "2025-10-14T04:41:31.188Z" },
    { url = "https://files.pythonhosted.org/packages/af/8f/3ed4bfa0c0c72a7ca17f0380cd9e4dd842b09f664e780c13cff1dcf2ef1b/charset_normalizer-3.4.4-cp313-cp313-win_arm64.whl", hash = "sha256:542d2cee80be6f80247095cc36c418f7bddd14f4a6de45af91dfad36d817bba2", size = 100408, upload-time = "2025-10-14T04:41:32.624Z" },
    { url = "https://files.pythonhosted.org/packages/0a/4c/925909008ed5a988ccbb72dcc897407e5d6d3bd72410d69e051fc0c14647/charset_normalizer-3.4.4-py3-none-any.whl", hash = "sha256:7a32c560861a02ff789ad905a2fe94e3f840803362c84fecf1851cb4cf3dc37f", size = 53402, upload-time = "2025-10-14T04:42:31.76Z" },
]

[[package]]
name = "idna"
version = "3.11"
source = { registry = "https://pypi.org/simple" }
sdist = { url = "https://files.pythonhosted.org/packages/6f/6d/0703ccc57f3a7233505399edb88de3cbd678da106337b9fcde432b65ed60/idna-3.11.tar.gz", hash = "sha256:795dafcc9c04ed0c1fb032c2aa73654d8e8c5023a7df64a53f39190ada629902", size = 194582, upload-time = "2025-10-12T14:55:20.501Z" }
wheels = [
    { url = "https://files.pythonhosted.org/packages/0e/61/66938bbb5fc52dbdf84594873d5b51fb1f7c7794e9c0f5bd885f30bc507b/idna-3.11-py3-none-any.whl", hash = "sha256:771a87f49d9defaf64091e6e6fe9c18d4833f140bd19464795bc32d966ca37ea", size = 71008, upload-time = "2025-10-12T14:55:18.883Z" },
]

[[package]]
name = "nuitka"
version = "2.8.9"
source = { registry = "https://pypi.org/simple" }
dependencies = [
    { name = "ordered-set" },
    { name = "zstandard" },
]
sdist = { url = "https://files.pythonhosted.org/packages/d8/fb/51df3b30b0f9b3e73f3ba6bea8b94516b16035297c4b3452aaa632a130ae/nuitka-2.8.9.tar.gz", hash = "sha256:b178cd437f2110c46943b368db51d20d57d586a13f8f6323ab1be4e51e2fabf8", size = 4332046, upload-time = "2025-11-29T11:32:20.733Z" }

[[package]]
name = "ordered-set"
version = "4.1.0"
source = { registry = "https://pypi.org/simple" }
sdist = { url = "https://files.pythonhosted.org/packages/4c/ca/bfac8bc689799bcca4157e0e0ced07e70ce125193fc2e166d2e685b7e2fe/ordered-set-4.1.0.tar.gz", hash = "sha256:694a8e44c87657c59292ede72891eb91d34131f6531463aab3009191c77364a8", size = 12826, upload-time = "2022-01-26T14:38:56.6Z" }
wheels = [
    { url = "https://files.pythonhosted.org/packages/33/55/af02708f230eb77084a299d7b08175cff006dea4f2721074b92cdb0296c0/ordered_set-4.1.0-py3-none-any.whl", hash = "sha256:046e1132c71fcf3330438a539928932caf51ddbc582496833e23de611de14562", size = 7634, upload-time = "2022-01-26T14:38:48.677Z" },
]

[[package]]
name = "pyside6-essentials"
version = "6.10.1"
source = { registry = "https://pypi.org/simple" }
dependencies = [
    { name = "shiboken6" },
]
wheels = [
    { url = "https://files.pythonhosted.org/packages/04/b0/c43209fecef79912e9b1c70a1b5172b1edf76caebcc885c58c60a09613b0/pyside6_essentials-6.10.1-cp39-abi3-macosx_13_0_universal2.whl", hash = "sha256:cd224aff3bb26ff1fca32c050e1c4d0bd9f951a96219d40d5f3d0128485b0bbe", size = 105461499, upload-time = "2025-11-20T09:59:23.733Z" },
    { url = "https://files.pythonhosted.org/packages/5f/8e/b69ba7fa0c701f3f4136b50460441697ec49ee6ea35c229eb2a5ee4b5952/pyside6_essentials-6.10.1-cp39-abi3-manylinux_2_34_x86_64.whl", hash = "sha256:e9ccbfb58c03911a0bce1f2198605b02d4b5ca6276bfc0cbcf7c6f6393ffb856", size = 76764617, upload-time = "2025-11-20T09:59:38.831Z" },
    { url = "https://files.pythonhosted.org/packages/bd/83/569d27f4b6c6b9377150fe1a3745d64d02614021bea233636bc936a23423/pyside6_essentials-6.10.1-cp39-abi3-manylinux_2_39_aarch64.whl", hash = "sha256:ec8617c9b143b0c19ba1cc5a7e98c538e4143795480cb152aee47802c18dc5d2", size = 75850373, upload-time = "2025-11-20T09:59:56.082Z" },
    { url = "https://files.pythonhosted.org/packages/1e/64/a8df6333de8ccbf3a320e1346ca30d0f314840aff5e3db9b4b66bf38e26c/pyside6_essentials-6.10.1-cp39-abi3-win_amd64.whl", hash = "sha256:9555a48e8f0acf63fc6a23c250808db841b28a66ed6ad89ee0e4df7628752674", size = 74491180, upload-time = "2025-11-20T10:00:11.215Z" },
    { url = "https://files.pythonhosted.org/packages/67/da/65cc6c6a870d4ea908c59b2f0f9e2cf3bfc6c0710ebf278ed72f69865e4e/pyside6_essentials-6.10.1-cp39-abi3-win_arm64.whl", hash = "sha256:4d1d248644f1778f8ddae5da714ca0f5a150a5e6f602af2765a7d21b876da05c", size = 55190458, upload-time = "2025-11-20T10:00:26.226Z" },
]

[[package]]
name = "requests"
version = "2.32.5"
source = { registry = "https://pypi.org/simple" }
dependencies = [
    { name = "certifi" },
    { name = "charset-normalizer" },
    { name = "idna" },
    { name = "urllib3" },
]
sdist = { url = "https://files.pythonhosted.org/packages/c9/74/b3ff8e6c8446842c3f5c837e9c3dfcfe2018ea6ecef224c710c85ef728f4/requests-2.32.5.tar.gz", hash = "sha256:dbba0bac56e100853db0ea71b82b4dfd5fe2bf6d3754a8893c3af500cec7d7cf", size = 134517, upload-time = "2025-08-18T20:46:02.573Z" }
wheels = [
    { url = "https://files.pythonhosted.org/packages/1e/db/4254e3eabe8020b458f1a747140d32277ec7a271daf1d235b70dc0b4e6e3/requests-2.32.5-py3-none-any.whl", hash = "sha256:2462f94637a34fd532264295e186976db0f5d453d1cdd31473c85a6a161affb6", size = 64738, upload-time = "2025-08-18T20:46:00.542Z" },
]

[[package]]
name = "shiboken6"
version = "6.10.1"
source = { registry = "https://pypi.org/simple" }
wheels = [
    { url = "https://files.pythonhosted.org/packages/6f/8b/e5db743d505ceea3efc4cd9634a3bee22a3e2bf6e07cefd28c9b9edabcc6/shiboken6-6.10.1-cp39-abi3-macosx_13_0_universal2.whl", hash = "sha256:9f2990f5b61b0b68ecadcd896ab4441f2cb097eef7797ecc40584107d9850d71", size = 478483, upload-time = "2025-11-20T10:08:52.411Z" },
    { url = "https://files.pythonhosted.org/packages/56/ba/b50c1a44b3c4643f482afbf1a0ea58f393827307100389ce29404f9ad3b0/shiboken6-6.10.1-cp39-abi3-manylinux_2_34_x86_64.whl", hash = "sha256:f4221a52dfb81f24a0d20cc4f8981cb6edd810d5a9fb28287ce10d342573a0e4", size = 271993, upload-time = "2025-11-20T10:08:54.093Z" },
    { url = "https://files.pythonhosted.org/packages/16/b8/939c24ebd662b0aa5c945443d0973145b3fb7079f0196274ef7bb4b98f73/shiboken6-6.10.1-cp39-abi3-manylinux_2_39_aarch64.whl", hash = "sha256:c095b00f4d6bf578c0b2464bb4e264b351a99345374478570f69e2e679a2a1d0", size = 268691, upload-time = "2025-11-20T10:08:55.639Z" },
    { url = "https://files.pythonhosted.org/packages/cf/a6/8c65ee0fa5e172ebcca03246b1bc3bd96cdaf1d60537316648536b7072a5/shiboken6-6.10.1-cp39-abi3-win_amd64.whl", hash = "sha256:c1601d3cda1fa32779b141663873741b54e797cb0328458d7466281f117b0a4e", size = 1234704, upload-time = "2025-11-20T10:08:57.417Z" },
    { url = "https://files.pythonhosted.org/packages/7b/6a/c0fea2f2ac7d9d96618c98156500683a4d1f93fea0e8c5a2bc39913d7ef1/shiboken6-6.10.1-cp39-abi3-win_arm64.whl", hash = "sha256:5cf800917008587b551005a45add2d485cca66f5f7ecd5b320e9954e40448cc9", size = 1795567, upload-time = "2025-11-20T10:08:59.184Z" },
]

[[package]]
name = "stellaris-exe-checksum-patcher"
version = "2.1.1"
source = { virtual = "." }
dependencies = [
    { name = "chardet" },
    { name = "pyside6-essentials" },
    { name = "requests" },
    { name = "urllib3" },
    { name = "vdf" },
]

[package.dev-dependencies]
dev = [
    { name = "nuitka" },
]

[package.metadata]
requires-dist = [
    { name = "chardet", specifier = "~=5.2.0" },
    { name = "pyside6-essentials", specifier = "~=6.10.1" },
    { name = "requests", specifier = "~=2.32.5" },
    { name = "urllib3", specifier = "~=2.6.3" },
    { name = "vdf", specifier = "~=3.4" },
]

[package.metadata.requires-dev]
dev = [{ name = "nuitka", specifier = "~=2.8.9" }]

[[package]]
name = "urllib3"
version = "2.6.3"
source = { registry = "https://pypi.org/simple" }
sdist = { url = "https://files.pythonhosted.org/packages/c7/24/5f1b3bdffd70275f6661c76461e25f024d5a38a46f04aaca912426a2b1d3/urllib3-2.6.3.tar.gz", hash = "sha256:1b62b6884944a57dbe321509ab94fd4d3b307075e0c2eae991ac71ee15ad38ed", size = 435556, upload-time = "2026-01-07T16:24:43.925Z" }
wheels = [
    { url = "https://files.pythonhosted.org/packages/39/08/aaaad47bc4e9dc8c725e68f9d04865dbcb2052843ff09c97b08904852d84/urllib3-2.6.3-py3-none-any.whl", hash = "sha256:bf272323e553dfb2e87d9bfd225ca7b0f467b919d7bbd355436d3fd37cb0acd4", size = 131584, upload-time = "2026-01-07T16:24:42.685Z" },
]

[[package]]
name = "vdf"
version = "3.4"
source = { registry = "https://pypi.org/simple" }
sdist = { url = "https://files.pythonhosted.org/packages/44/7f/74192f47d67c8bf3c47bf0d8487b3457614c2c98d58b6617721d217f3f79/vdf-3.4.tar.gz", hash = "sha256:fd5419f41e07a1009e5ffd027c7dcbe43d1f7e8ef453aeaa90d9d04b807de2af", size = 11132, upload-time = "2021-05-22T09:26:05.252Z" }
wheels = [
    { url = "https://files.pythonhosted.org/packages/96/60/6456b687cf55cf60020dcd01f9bc51561c3cc84f05fd8e0feb71ce60f894/vdf-3.4-py2.py3-none-any.whl", hash = "sha256:68c1a125cc49e343d535af2dd25074e9cb0908c6607f073947c4a04bbe234534", size = 10357, upload-time = "2021-05-22T09:26:03.948Z" },
]

[[package]]
name = "zstandard"
version = "0.25.0"
source = { registry = "https://pypi.org/simple" }
sdist = { url = "https://files.pythonhosted.org/packages/fd/aa/3e0508d5a5dd96529cdc5a97011299056e14c6505b678fd58938792794b1/zstandard-0.25.0.tar.gz", hash = "sha256:7713e1179d162cf5c7906da876ec2ccb9c3a9dcbdffef0cc7f70c3667a205f0b", size = 711513, upload-time = "2025-09-14T22:15:54.002Z" }
wheels = [
    { url = "https://files.pythonhosted.org/packages/35/0b/8df9c4ad06af91d39e94fa96cc010a24ac4ef1378d3efab9223cc8593d40/zstandard-0.25.0-cp313-cp313-macosx_10_13_x86_64.whl", hash = "sha256:ec996f12524f88e151c339688c3897194821d7f03081ab35d31d1e12ec975e94", size = 795735, upload-time = "2025-09-14T22:17:26.042Z" },
    { url = "https://files.pythonhosted.org/packages/3f/06/9ae96a3e5dcfd119377ba33d4c42a7d89da1efabd5cb3e366b156c45ff4d/zstandard-0.25.0-cp313-cp313-macosx_11_0_arm64.whl", hash = "sha256:a1a4ae2dec3993a32247995bdfe367fc3266da832d82f8438c8570f989753de1", size = 640440, upload-time = "2025-09-14T22:17:27.366Z" },
    { url = "https://files.pythonhosted.org/packages/d9/14/933d27204c2bd404229c69f445862454dcc101cd69ef8c6068f15aaec12c/zstandard-0.25.0-cp313-cp313-manylinux2010_i686.manylinux2014_i686.manylinux_2_12_i686.manylinux_2_17_i686.whl", hash = "sha256:e96594a5537722fdfb79951672a2a63aec5ebfb823e7560586f7484819f2a08f", size = 5343070, upload-time = "2025-09-14T22:17:28.896Z" },
    { url = "https://files.pythonhosted.org/packages/6d/db/ddb11011826ed7db9d0e485d13df79b58586bfdec56e5c84a928a9a78c1c/zstandard-0.25.0-cp313-cp313-manylinux2014_aarch64.manylinux_2_17_aarch64.whl", hash = "sha256:bfc4e20784722098822e3eee42b8e576b379ed72cca4a7cb856ae733e62192ea", size = 5063001, upload-time = "2025-09-14T22:17:31.044Z" },
    { url = "https://files.pythonhosted.org/packages/db/00/87466ea3f99599d02a5238498b87bf84a6348290c19571051839ca943777/zstandard-0.25.0-cp313-cp313-manylinux2014_ppc64le.manylinux_2_17_ppc64le.whl", hash = "sha256:457ed498fc58cdc12fc48f7950e02740d4f7ae9493dd4ab2168a47c93c31298e", size = 5394120, upload-time = "2025-09-14T22:17:32.711Z" },
    { url = "https://files.pythonhosted.org/packages/2b/95/fc5531d9c618a679a20ff6c29e2b3ef1d1f4ad66c5e161ae6ff847d102a9/zstandard-0.25.0-cp313-cp313-manylinux2014_s390x.manylinux_2_17_s390x.whl", hash = "sha256:fd7a5004eb1980d3cefe26b2685bcb0b17989901a70a1040d1ac86f1d898c551", size = 5451230, upload-time = "2025-09-14T22:17:34.41Z" },
    { url = "https://files.pythonhosted.org/packages/63/4b/e3678b4e776db00f9f7b2fe58e547e8928ef32727d7a1ff01dea010f3f13/zstandard-0.25.0-cp313-cp313-manylinux2014_x86_64.manylinux_2_17_x86_64.whl", hash = "sha256:8e735494da3db08694d26480f1493ad2cf86e99bdd53e8e9771b2752a5c0246a", size = 5547173, upload-time = "2025-09-14T22:17:36.084Z" },
    { url = "https://files.pythonhosted.org/packages/4e/d5/ba05ed95c6b8ec30bd468dfeab20589f2cf709b5c940483e31d991f2ca58/zstandard-0.25.0-cp313-cp313-musllinux_1_1_aarch64.whl", hash = "sha256:3a39c94ad7866160a4a46d772e43311a743c316942037671beb264e395bdd611", size = 5046736, upload-time = "2025-09-14T22:17:37.891Z" },
    { url = "https://files.pythonhosted.org/packages/50/d5/870aa06b3a76c73eced65c044b92286a3c4e00554005ff51962deef28e28/zstandard-0.25.0-cp313-cp313-musllinux_1_1_x86_64.whl", hash = "sha256:172de1f06947577d3a3005416977cce6168f2261284c02080e7ad0185faeced3", size = 5576368, upload-time = "2025-09-14T22:17:40.206Z" },
    { url = "https://files.pythonhosted.org/packages/5d/35/398dc2ffc89d304d59bc12f0fdd931b4ce455bddf7038a0a67733a25f550/zstandard-0.25.0-cp313-cp313-musllinux_1_2_aarch64.whl", hash = "sha256:3c83b0188c852a47cd13ef3bf9209fb0a77fa5374958b8c53aaa699398c6bd7b", size = 4954022, upload-time = "2025-09-14T22:17:41.879Z" },
    { url = "https://files.pythonhosted.org/packages/9a/5c/36ba1e5507d56d2213202ec2b05e8541734af5f2ce378c5d1ceaf4d88dc4/zstandard-0.25.0-cp313-cp313-musllinux_1_2_i686.whl", hash = "sha256:1673b7199bbe763365b81a4f3252b8e80f44c9e323fc42940dc8843bfeaf9851", size = 5267889, upload-time = "2025-09-14T22:17:43.577Z" },
    { url = "https://files.pythonhosted.org/packages/70/e8/2ec6b6fb7358b2ec0113ae202647ca7c0e9d15b61c005ae5225ad0995df5/zstandard-0.25.0-cp313-cp313-musllinux_1_2_ppc64le.whl", hash = "sha256:0be7622c37c183406f3dbf0cba104118eb16a4ea7359eeb5752f0794882fc250", size = 5433952, upload-time = "2025-09-14T22:17:45.271Z" },
    { url = "https://files.pythonhosted.org/packages/7b/01/b5f4d4dbc59ef193e870495c6f1275f5b2928e01ff5a81fecb22a06e22fb/zstandard-0.25.0-cp313-cp313-musllinux_1_2_s390x.whl", hash = "sha256:5f5e4c2a23ca271c218ac025bd7d635597048b366d6f31f420aaeb715239fc98", size = 5814054, upload-time = "2025-09-14T22:17:47.08Z" },
    { url = "https://files.pythonhosted.org/packages/b2/e5/fbd822d5c6f427cf158316d012c5a12f233473c2f9c5fe5ab1ae5d21f3d8/zstandard-0.25.0-cp313-cp313-musllinux_1_2_x86_64.whl", hash = "sha256:4f187a0bb61b35119d1926aee039524d1f93aaf38a9916b8c4b78ac8514a0aaf", size = 5360113, upload-time = "2025-09-14T22:17:48.893Z" },
    { url = "https://files.pythonhosted.org/packages/8e/e0/69a553d2047f9a2c7347caa225bb3a63b6d7704ad74610cb7823baa08ed7/zstandard-0.25.0-cp313-cp313-win32.whl", hash = "sha256:7030defa83eef3e51ff26f0b7bfb229f0204b66fe18e04359ce3474ac33cbc09", size = 436936, upload-time = "2025-09-14T22:17:52.658Z" },
    { url = "https://files.pythonhosted.org/packages/d9/82/b9c06c870f3bd8767c201f1edbdf9e8dc34be5b0fbc5682c4f80fe948475/zstandard-0.25.0-cp313-cp313-win_amd64.whl", hash = "sha256:1f830a0dac88719af0ae43b8b2d6aef487d437036468ef3c2ea59c51f9d55fd5", size = 506232, upload-time = "2025-09-14T22:17:50.402Z" },
    { url = "https://files.pythonhosted.org/packages/d4/57/60c3c01243bb81d381c9916e2a6d9e149ab8627c0c7d7abb2d73384b3c0c/zstandard-0.25.0-cp313-cp313-win_arm64.whl", hash = "sha256:85304a43f4d513f5464ceb938aa02c1e78c2943b29f44a750b48b25ac999a049", size = 462671, upload-time = "2025-09-14T22:17:51.533Z" },
]
